{
  "name": "sse-spike",
  "version": "1.0.0",
  "lockfileVersion": 1,
  "requires": true,
  "dependencies": {
    "reconnecting-eventsource": {
      "version": "1.3.0",
      "resolved": "https://registry.npmjs.org/reconnecting-eventsource/-/reconnecting-eventsource-1.3.0.tgz",
      "integrity": "sha512-AcX2fVzXRHTxKeYkTOX2qoDrCSHwhOlfJTppV7o8UEWkIxFhKpxfcVgL9aWFGU6Dr2YUtWFuh/mvKSoTvGK6NA=="
    }
  }
}
